
Microsoft Visual Studio Solution File, Format Version 12.00
# Visual Studio 15
VisualStudioVersion = 15.0.28307.168
MinimumVisualStudioVersion = 10.0.40219.1
Project("{FAE04EC0-301F-11D3-BF4B-00C04F79EFBC}") = "FindAlphabetOrder", "FindAlphabetOrder\FindAlphabetOrder.csproj", "{4C62ABDE-7A81-4F12-9260-140EB62E7901}"
EndProject
Global
	GlobalSection(SolutionConfigurationPlatforms) = preSolution
		Debug|Any CPU = Debug|Any CPU
		Release|Any CPU = Release|Any CPU
	EndGlobalSection
	GlobalSection(ProjectConfigurationPlatforms) = postSolution
		{4C62ABDE-7A81-4F12-9260-140EB62E7901}.Debug|Any CPU.ActiveCfg = Debug|Any CPU
		{4C62ABDE-7A81-4F12-9260-140EB62E7901}.Debug|Any CPU.Build.0 = Debug|Any CPU
		{4C62ABDE-7A81-4F12-9260-140EB62E7901}.Release|Any CPU.ActiveCfg = Release|Any CPU
		{4C62ABDE-7A81-4F12-9260-140EB62E7901}.Release|Any CPU.Build.0 = Release|Any CPU
	EndGlobalSection
	GlobalSection(SolutionProperties) = preSolution
		HideSolutionNode = FALSE
	EndGlobalSection
	GlobalSection(ExtensibilityGlobals) = postSolution
		SolutionGuid = {16E1BCD3-BF36-4F26-BC0E-B59A196BF0AE}
	EndGlobalSection
EndGlobal
